// !$*UTF8*$!
{
	archiveVersion = 1;
	classes = {
	};
	objectVersion = 46;
	objects = {

/* Begin PBXBuildFile section */
		1A68E4111C84D9340005A045 /* ButtonProgressMgr.swift in Sources */ = {isa = PBXBuildFile; fileRef = 1A68E4101C84D9340005A045 /* ButtonProgressMgr.swift */; };
		1AD8FAC21B0505FA00DE8A87 /* AppDelegate.swift in Sources */ = {isa = PBXBuildFile; fileRef = 1AD8FAC11B0505FA00DE8A87 /* AppDelegate.swift */; };
		1AD8FAC71B0505FA00DE8A87 /* Main.storyboard in Resources */ = {isa = PBXBuildFile; fileRef = 1AD8FAC51B0505FA00DE8A87 /* Main.storyboard */; };
		1AD8FAC91B0505FA00DE8A87 /* Images.xcassets in Resources */ = {isa = PBXBuildFile; fileRef = 1AD8FAC81B0505FA00DE8A87 /* Images.xcassets */; };
		1AD8FACC1B0505FA00DE8A87 /* LaunchScreen.xib in Resources */ = {isa = PBXBuildFile; fileRef = 1AD8FACA1B0505FA00DE8A87 /* LaunchScreen.xib */; };
		1AD8FAD81B0505FB00DE8A87 /* WhatToEatTests.swift in Sources */ = {isa = PBXBuildFile; fileRef = 1AD8FAD71B0505FB00DE8A87 /* WhatToEatTests.swift */; };
		1AD8FB141B09853900DE8A87 /* AddMealViewController.swift in Sources */ = {isa = PBXBuildFile; fileRef = 1AD8FB111B09853900DE8A87 /* AddMealViewController.swift */; };
		1AD8FB151B09853900DE8A87 /* EditMealViewController.swift in Sources */ = {isa = PBXBuildFile; fileRef = 1AD8FB121B09853900DE8A87 /* EditMealViewController.swift */; };
		1AD8FB161B09853900DE8A87 /* MealViewController.swift in Sources */ = {isa = PBXBuildFile; fileRef = 1AD8FB131B09853900DE8A87 /* MealViewController.swift */; };
		1AD8FB1A1B0985DC00DE8A87 /* AddRestaurantViewController.swift in Sources */ = {isa = PBXBuildFile; fileRef = 1AD8FB181B0985DC00DE8A87 /* AddRestaurantViewController.swift */; };
		1AD8FB1B1B0985DC00DE8A87 /* RestaurantViewController.swift in Sources */ = {isa = PBXBuildFile; fileRef = 1AD8FB191B0985DC00DE8A87 /* RestaurantViewController.swift */; };
		1AD8FB1E1B0985E800DE8A87 /* Restaurant.swift in Sources */ = {isa = PBXBuildFile; fileRef = 1AD8FB1D1B0985E800DE8A87 /* Restaurant.swift */; };
		1AD8FB201B09865500DE8A87 /* Meal.swift in Sources */ = {isa = PBXBuildFile; fileRef = 1AD8FB1F1B09865500DE8A87 /* Meal.swift */; };
		1AD8FB221B09918000DE8A87 /* MealCell.swift in Sources */ = {isa = PBXBuildFile; fileRef = 1AD8FB211B09918000DE8A87 /* MealCell.swift */; };
		1AFDE8391C1C7AC80007B5EF /* EditRestaurantViewController.swift in Sources */ = {isa = PBXBuildFile; fileRef = 1AFDE8381C1C7AC80007B5EF /* EditRestaurantViewController.swift */; };
/* End PBXBuildFile section */

/* Begin PBXContainerItemProxy section */
		1AD8FAD21B0505FB00DE8A87 /* PBXContainerItemProxy */ = {
			isa = PBXContainerItemProxy;
			containerPortal = 1AD8FAB41B0505FA00DE8A87 /* Project object */;
			proxyType = 1;
			remoteGlobalIDString = 1AD8FABB1B0505FA00DE8A87;
			remoteInfo = WhatToEat;
		};
/* End PBXContainerItemProxy section */

/* Begin PBXFileReference section */
		1A68E4101C84D9340005A045 /* ButtonProgressMgr.swift */ = {isa = PBXFileReference; fileEncoding = 4; lastKnownFileType = sourcecode.swift; name = ButtonProgressMgr.swift; path = Restaurant/ButtonProgressMgr.swift; sourceTree = "<group>"; };
		1AD8FABC1B0505FA00DE8A87 /* WhatToEat.app */ = {isa = PBXFileReference; explicitFileType = wrapper.application; includeInIndex = 0; path = WhatToEat.app; sourceTree = BUILT_PRODUCTS_DIR; };
		1AD8FAC01B0505FA00DE8A87 /* Info.plist */ = {isa = PBXFileReference; lastKnownFileType = text.plist.xml; path = Info.plist; sourceTree = "<group>"; };
		1AD8FAC11B0505FA00DE8A87 /* AppDelegate.swift */ = {isa = PBXFileReference; lastKnownFileType = sourcecode.swift; path = AppDelegate.swift; sourceTree = "<group>"; };
		1AD8FAC61B0505FA00DE8A87 /* Base */ = {isa = PBXFileReference; lastKnownFileType = file.storyboard; name = Base; path = Base.lproj/Main.storyboard; sourceTree = "<group>"; };
		1AD8FAC81B0505FA00DE8A87 /* Images.xcassets */ = {isa = PBXFileReference; lastKnownFileType = folder.assetcatalog; path = Images.xcassets; sourceTree = "<group>"; };
		1AD8FACB1B0505FA00DE8A87 /* Base */ = {isa = PBXFileReference; lastKnownFileType = file.xib; name = Base; path = Base.lproj/LaunchScreen.xib; sourceTree = "<group>"; };
		1AD8FAD11B0505FB00DE8A87 /* WhatToEatTests.xctest */ = {isa = PBXFileReference; explicitFileType = wrapper.cfbundle; includeInIndex = 0; path = WhatToEatTests.xctest; sourceTree = BUILT_PRODUCTS_DIR; };
		1AD8FAD61B0505FB00DE8A87 /* Info.plist */ = {isa = PBXFileReference; lastKnownFileType = text.plist.xml; path = Info.plist; sourceTree = "<group>"; };
		1AD8FAD71B0505FB00DE8A87 /* WhatToEatTests.swift */ = {isa = PBXFileReference; lastKnownFileType = sourcecode.swift; path = WhatToEatTests.swift; sourceTree = "<group>"; };
		1AD8FB111B09853900DE8A87 /* AddMealViewController.swift */ = {isa = PBXFileReference; fileEncoding = 4; lastKnownFileType = sourcecode.swift; name = AddMealViewController.swift; path = Meal/Controllers/AddMealViewController.swift; sourceTree = "<group>"; };
		1AD8FB121B09853900DE8A87 /* EditMealViewController.swift */ = {isa = PBXFileReference; fileEncoding = 4; lastKnownFileType = sourcecode.swift; name = EditMealViewController.swift; path = Meal/Controllers/EditMealViewController.swift; sourceTree = "<group>"; };
		1AD8FB131B09853900DE8A87 /* MealViewController.swift */ = {isa = PBXFileReference; fileEncoding = 4; lastKnownFileType = sourcecode.swift; name = MealViewController.swift; path = Meal/Controllers/MealViewController.swift; sourceTree = "<group>"; };
		1AD8FB181B0985DC00DE8A87 /* AddRestaurantViewController.swift */ = {isa = PBXFileReference; fileEncoding = 4; lastKnownFileType = sourcecode.swift; path = AddRestaurantViewController.swift; sourceTree = "<group>"; };
		1AD8FB191B0985DC00DE8A87 /* RestaurantViewController.swift */ = {isa = PBXFileReference; fileEncoding = 4; lastKnownFileType = sourcecode.swift; path = RestaurantViewController.swift; sourceTree = "<group>"; };
		1AD8FB1D1B0985E800DE8A87 /* Restaurant.swift */ = {isa = PBXFileReference; fileEncoding = 4; lastKnownFileType = sourcecode.swift; path = Restaurant.swift; sourceTree = "<group>"; };
		1AD8FB1F1B09865500DE8A87 /* Meal.swift */ = {isa = PBXFileReference; fileEncoding = 4; lastKnownFileType = sourcecode.swift; name = Meal.swift; path = Meal/Models/Meal.swift; sourceTree = "<group>"; };
		1AD8FB211B09918000DE8A87 /* MealCell.swift */ = {isa = PBXFileReference; fileEncoding = 4; lastKnownFileType = sourcecode.swift; name = MealCell.swift; path = Meal/Controllers/MealCell.swift; sourceTree = "<group>"; };
		1AFDE8381C1C7AC80007B5EF /* EditRestaurantViewController.swift */ = {isa = PBXFileReference; fileEncoding = 4; lastKnownFileType = sourcecode.swift; path = EditRestaurantViewController.swift; sourceTree = "<group>"; };
/* End PBXFileReference section */

/* Begin PBXFrameworksBuildPhase section */
		1AD8FAB91B0505FA00DE8A87 /* Frameworks */ = {
			isa = PBXFrameworksBuildPhase;
			buildActionMask = 2147483647;
			files = (
			);
			runOnlyForDeploymentPostprocessing = 0;
		};
		1AD8FACE1B0505FB00DE8A87 /* Frameworks */ = {
			isa = PBXFrameworksBuildPhase;
			buildActionMask = 2147483647;
			files = (
			);
			runOnlyForDeploymentPostprocessing = 0;
		};
/* End PBXFrameworksBuildPhase section */

/* Begin PBXGroup section */
		1AD8FAB31B0505FA00DE8A87 = {
			isa = PBXGroup;
			children = (
				1AD8FABE1B0505FA00DE8A87 /* WhatToEat */,
				1AD8FAD41B0505FB00DE8A87 /* WhatToEatTests */,
				1AD8FABD1B0505FA00DE8A87 /* Products */,
			);
			sourceTree = "<group>";
		};
		1AD8FABD1B0505FA00DE8A87 /* Products */ = {
			isa = PBXGroup;
			children = (
				1AD8FABC1B0505FA00DE8A87 /* WhatToEat.app */,
				1AD8FAD11B0505FB00DE8A87 /* WhatToEatTests.xctest */,
			);
			name = Products;
			sourceTree = "<group>";
		};
		1AD8FABE1B0505FA00DE8A87 /* WhatToEat */ = {
			isa = PBXGroup;
			children = (
				1AD8FAE11B050A4C00DE8A87 /* Restaurant */,
				1AD8FAE21B050A6100DE8A87 /* Meal */,
				1AD8FAC11B0505FA00DE8A87 /* AppDelegate.swift */,
				1AD8FAC51B0505FA00DE8A87 /* Main.storyboard */,
				1AD8FAC81B0505FA00DE8A87 /* Images.xcassets */,
				1AD8FACA1B0505FA00DE8A87 /* LaunchScreen.xib */,
				1AD8FABF1B0505FA00DE8A87 /* Supporting Files */,
			);
			path = WhatToEat;
			sourceTree = "<group>";
		};
		1AD8FABF1B0505FA00DE8A87 /* Supporting Files */ = {
			isa = PBXGroup;
			children = (
				1AD8FAC01B0505FA00DE8A87 /* Info.plist */,
			);
			name = "Supporting Files";
			sourceTree = "<group>";
		};
		1AD8FAD41B0505FB00DE8A87 /* WhatToEatTests */ = {
			isa = PBXGroup;
			children = (
				1AD8FAD71B0505FB00DE8A87 /* WhatToEatTests.swift */,
				1AD8FAD51B0505FB00DE8A87 /* Supporting Files */,
			);
			path = WhatToEatTests;
			sourceTree = "<group>";
		};
		1AD8FAD51B0505FB00DE8A87 /* Supporting Files */ = {
			isa = PBXGroup;
			children = (
				1AD8FAD61B0505FB00DE8A87 /* Info.plist */,
			);
			name = "Supporting Files";
			sourceTree = "<group>";
		};
		1AD8FAE11B050A4C00DE8A87 /* Restaurant */ = {
			isa = PBXGroup;
			children = (
				1AD8FB171B0985DC00DE8A87 /* Controllers */,
				1AD8FB1C1B0985E800DE8A87 /* Models */,
				1A68E4101C84D9340005A045 /* ButtonProgressMgr.swift */,
			);
			name = Restaurant;
			sourceTree = "<group>";
		};
		1AD8FAE21B050A6100DE8A87 /* Meal */ = {
			isa = PBXGroup;
			children = (
				1AD8FB051B0984E200DE8A87 /* Controllers */,
				1AD8FB061B0984E900DE8A87 /* Models */,
			);
			name = Meal;
			sourceTree = "<group>";
		};
		1AD8FB051B0984E200DE8A87 /* Controllers */ = {
			isa = PBXGroup;
			children = (
				1AD8FB111B09853900DE8A87 /* AddMealViewController.swift */,
				1AD8FB121B09853900DE8A87 /* EditMealViewController.swift */,
				1AD8FB131B09853900DE8A87 /* MealViewController.swift */,
				1AD8FB211B09918000DE8A87 /* MealCell.swift */,
			);
			name = Controllers;
			sourceTree = "<group>";
		};
		1AD8FB061B0984E900DE8A87 /* Models */ = {
			isa = PBXGroup;
			children = (
				1AD8FB1F1B09865500DE8A87 /* Meal.swift */,
			);
			name = Models;
			sourceTree = "<group>";
		};
		1AD8FB171B0985DC00DE8A87 /* Controllers */ = {
			isa = PBXGroup;
			children = (
				1AD8FB181B0985DC00DE8A87 /* AddRestaurantViewController.swift */,
				1AD8FB191B0985DC00DE8A87 /* RestaurantViewController.swift */,
				1AFDE8381C1C7AC80007B5EF /* EditRestaurantViewController.swift */,
			);
			name = Controllers;
			path = Restaurant/Controllers;
			sourceTree = "<group>";
		};
		1AD8FB1C1B0985E800DE8A87 /* Models */ = {
			isa = PBXGroup;
			children = (
				1AD8FB1D1B0985E800DE8A87 /* Restaurant.swift */,
			);
			name = Models;
			path = Restaurant/Models;
			sourceTree = "<group>";
		};
/* End PBXGroup section */

/* Begin PBXNativeTarget section */
		1AD8FABB1B0505FA00DE8A87 /* WhatToEat */ = {
			isa = PBXNativeTarget;
			buildConfigurationList = 1AD8FADB1B0505FB00DE8A87 /* Build configuration list for PBXNativeTarget "WhatToEat" */;
			buildPhases = (
				1AD8FAB81B0505FA00DE8A87 /* Sources */,
				1AD8FAB91B0505FA00DE8A87 /* Frameworks */,
				1AD8FABA1B0505FA00DE8A87 /* Resources */,
			);
			buildRules = (
			);
			dependencies = (
			);
			name = WhatToEat;
			productName = WhatToEat;
			productReference = 1AD8FABC1B0505FA00DE8A87 /* WhatToEat.app */;
			productType = "com.apple.product-type.application";
		};
		1AD8FAD01B0505FB00DE8A87 /* WhatToEatTests */ = {
			isa = PBXNativeTarget;
			buildConfigurationList = 1AD8FADE1B0505FB00DE8A87 /* Build configuration list for PBXNativeTarget "WhatToEatTests" */;
			buildPhases = (
				1AD8FACD1B0505FB00DE8A87 /* Sources */,
				1AD8FACE1B0505FB00DE8A87 /* Frameworks */,
				1AD8FACF1B0505FB00DE8A87 /* Resources */,
			);
			buildRules = (
			);
			dependencies = (
				1AD8FAD31B0505FB00DE8A87 /* PBXTargetDependency */,
			);
			name = WhatToEatTests;
			productName = WhatToEatTests;
			productReference = 1AD8FAD11B0505FB00DE8A87 /* WhatToEatTests.xctest */;
			productType = "com.apple.product-type.bundle.unit-test";
		};
/* End PBXNativeTarget section */

/* Begin PBXProject section */
		1AD8FAB41B0505FA00DE8A87 /* Project object */ = {
			isa = PBXProject;
			attributes = {
				LastSwiftMigration = 0710;
				LastSwiftUpdateCheck = 0710;
				LastUpgradeCheck = 0710;
				ORGANIZATIONNAME = "MacLon Industries";
				TargetAttributes = {
					1AD8FABB1B0505FA00DE8A87 = {
						CreatedOnToolsVersion = 6.3;
						DevelopmentTeam = 3KHLNY7223;
					};
					1AD8FAD01B0505FB00DE8A87 = {
						CreatedOnToolsVersion = 6.3;
						TestTargetID = 1AD8FABB1B0505FA00DE8A87;
					};
				};
			};
			buildConfigurationList = 1AD8FAB71B0505FA00DE8A87 /* Build configuration list for PBXProject "WhatToEat" */;
			compatibilityVersion = "Xcode 3.2";
			developmentRegion = English;
			hasScannedForEncodings = 0;
			knownRegions = (
				en,
				Base,
			);
			mainGroup = 1AD8FAB31B0505FA00DE8A87;
			productRefGroup = 1AD8FABD1B0505FA00DE8A87 /* Products */;
			projectDirPath = "";
			projectRoot = "";
			targets = (
				1AD8FABB1B0505FA00DE8A87 /* WhatToEat */,
				1AD8FAD01B0505FB00DE8A87 /* WhatToEatTests */,
			);
		};
/* End PBXProject section */

/* Begin PBXResourcesBuildPhase section */
		1AD8FABA1B0505FA00DE8A87 /* Resources */ = {
			isa = PBXResourcesBuildPhase;
			buildActionMask = 2147483647;
			files = (
				1AD8FAC71B0505FA00DE8A87 /* Main.storyboard in Resources */,
				1AD8FACC1B0505FA00DE8A87 /* LaunchScreen.xib in Resources */,
				1AD8FAC91B0505FA00DE8A87 /* Images.xcassets in Resources */,
			);
			runOnlyForDeploymentPostprocessing = 0;
		};
		1AD8FACF1B0505FB00DE8A87 /* Resources */ = {
			isa = PBXResourcesBuildPhase;
			buildActionMask = 2147483647;
			files = (
			);
			runOnlyForDeploymentPostprocessing = 0;
		};
/* End PBXResourcesBuildPhase section */

/* Begin PBXSourcesBuildPhase section */
		1AD8FAB81B0505FA00DE8A87 /* Sources */ = {
			isa = PBXSourcesBuildPhase;
			buildActionMask = 2147483647;
			files = (
				1AD8FB1E1B0985E800DE8A87 /* Restaurant.swift in Sources */,
				1AFDE8391C1C7AC80007B5EF /* EditRestaurantViewController.swift in Sources */,
				1AD8FAC21B0505FA00DE8A87 /* AppDelegate.swift in Sources */,
				1AD8FB141B09853900DE8A87 /* AddMealViewController.swift in Sources */,
				1AD8FB161B09853900DE8A87 /* MealViewController.swift in Sources */,
				1AD8FB221B09918000DE8A87 /* MealCell.swift in Sources */,
				1AD8FB201B09865500DE8A87 /* Meal.swift in Sources */,
				1A68E4111C84D9340005A045 /* ButtonProgressMgr.swift in Sources */,
				1AD8FB1B1B0985DC00DE8A87 /* RestaurantViewController.swift in Sources */,
				1AD8FB151B09853900DE8A87 /* EditMealViewController.swift in Sources */,
				1AD8FB1A1B0985DC00DE8A87 /* AddRestaurantViewController.swift in Sources */,
			);
			runOnlyForDeploymentPostprocessing = 0;
		};
		1AD8FACD1B0505FB00DE8A87 /* Sources */ = {
			isa = PBXSourcesBuildPhase;
			buildActionMask = 2147483647;
			files = (
				1AD8FAD81B0505FB00DE8A87 /* WhatToEatTests.swift in Sources */,
			);
			runOnlyForDeploymentPostprocessing = 0;
		};
/* End PBXSourcesBuildPhase section */

/* Begin PBXTargetDependency section */
		1AD8FAD31B0505FB00DE8A87 /* PBXTargetDependency */ = {
			isa = PBXTargetDependency;
			target = 1AD8FABB1B0505FA00DE8A87 /* WhatToEat */;
			targetProxy = 1AD8FAD21B0505FB00DE8A87 /* PBXContainerItemProxy */;
		};
/* End PBXTargetDependency section */

/* Begin PBXVariantGroup section */
		1AD8FAC51B0505FA00DE8A87 /* Main.storyboard */ = {
			isa = PBXVariantGroup;
			children = (
				1AD8FAC61B0505FA00DE8A87 /* Base */,
			);
			name = Main.storyboard;
			sourceTree = "<group>";
		};
		1AD8FACA1B0505FA00DE8A87 /* LaunchScreen.xib */ = {
			isa = PBXVariantGroup;
			children = (
				1AD8FACB1B0505FA00DE8A87 /* Base */,
			);
			name = LaunchScreen.xib;
			sourceTree = "<group>";
		};
/* End PBXVariantGroup section */

/* Begin XCBuildConfiguration section */
		1AD8FAD91B0505FB00DE8A87 /* Debug */ = {
			isa = XCBuildConfiguration;
			buildSettings = {
				ALWAYS_SEARCH_USER_PATHS = NO;
				CLANG_CXX_LANGUAGE_STANDARD = "gnu++0x";
				CLANG_CXX_LIBRARY = "libc++";
				CLANG_ENABLE_MODULES = YES;
				CLANG_ENABLE_OBJC_ARC = YES;
				CLANG_WARN_BOOL_CONVERSION = YES;
				CLANG_WARN_CONSTANT_CONVERSION = YES;
				CLANG_WARN_DIRECT_OBJC_ISA_USAGE = YES_ERROR;
				CLANG_WARN_EMPTY_BODY = YES;
				CLANG_WARN_ENUM_CONVERSION = YES;
				CLANG_WARN_INT_CONVERSION = YES;
				CLANG_WARN_OBJC_ROOT_CLASS = YES_ERROR;
				CLANG_WARN_UNREACHABLE_CODE = YES;
				CLANG_WARN__DUPLICATE_METHOD_MATCH = YES;
				"CODE_SIGN_IDENTITY[sdk=iphoneos*]" = "iPhone Developer";
				COPY_PHASE_STRIP = NO;
				DEBUG_INFORMATION_FORMAT = "dwarf-with-dsym";
				ENABLE_STRICT_OBJC_MSGSEND = YES;
				ENABLE_TESTABILITY = YES;
				GCC_C_LANGUAGE_STANDARD = gnu99;
				GCC_DYNAMIC_NO_PIC = NO;
				GCC_NO_COMMON_BLOCKS = YES;
				GCC_OPTIMIZATION_LEVEL = 0;
				GCC_PREPROCESSOR_DEFINITIONS = (
					"DEBUG=1",
					"$(inherited)",
				);
				GCC_SYMBOLS_PRIVATE_EXTERN = NO;
				GCC_WARN_64_TO_32_BIT_CONVERSION = YES;
				GCC_WARN_ABOUT_RETURN_TYPE = YES_ERROR;
				GCC_WARN_UNDECLARED_SELECTOR = YES;
				GCC_WARN_UNINITIALIZED_AUTOS = YES_AGGRESSIVE;
				GCC_WARN_UNUSED_FUNCTION = YES;
				GCC_WARN_UNUSED_VARIABLE = YES;
				IPHONEOS_DEPLOYMENT_TARGET = 9.3;
				MTL_ENABLE_DEBUG_INFO = YES;
				ONLY_ACTIVE_ARCH = YES;
				"OTHER_SWIFT_FLAGS[arch=*]" = "-D DEBUG";
				SDKROOT = iphoneos;
				SWIFT_OPTIMIZATION_LEVEL = "-Onone";
			};
			name = Debug;
		};
		1AD8FADA1B0505FB00DE8A87 /* Release */ = {
			isa = XCBuildConfiguration;
			buildSettings = {
				ALWAYS_SEARCH_USER_PATHS = NO;
				CLANG_CXX_LANGUAGE_STANDARD = "gnu++0x";
				CLANG_CXX_LIBRARY = "libc++";
				CLANG_ENABLE_MODULES = YES;
				CLANG_ENABLE_OBJC_ARC = YES;
				CLANG_WARN_BOOL_CONVERSION = YES;
				CLANG_WARN_CONSTANT_CONVERSION = YES;
				CLANG_WARN_DIRECT_OBJC_ISA_USAGE = YES_ERROR;
				CLANG_WARN_EMPTY_BODY = YES;
				CLANG_WARN_ENUM_CONVERSION = YES;
				CLANG_WARN_INT_CONVERSION = YES;
				CLANG_WARN_OBJC_ROOT_CLASS = YES_ERROR;
				CLANG_WARN_UNREACHABLE_CODE = YES;
				CLANG_WARN__DUPLICATE_METHOD_MATCH = YES;
				"CODE_SIGN_IDENTITY[sdk=iphoneos*]" = "iPhone Developer";
				COPY_PHASE_STRIP = NO;
				DEBUG_INFORMATION_FORMAT = "dwarf-with-dsym";
				ENABLE_NS_ASSERTIONS = NO;
				ENABLE_STRICT_OBJC_MSGSEND = YES;
				GCC_C_LANGUAGE_STANDARD = gnu99;
				GCC_NO_COMMON_BLOCKS = YES;
				GCC_WARN_64_TO_32_BIT_CONVERSION = YES;
				GCC_WARN_ABOUT_RETURN_TYPE = YES_ERROR;
				GCC_WARN_UNDECLARED_SELECTOR = YES;
				GCC_WARN_UNINITIALIZED_AUTOS = YES_AGGRESSIVE;
				GCC_WARN_UNUSED_FUNCTION = YES;
				GCC_WARN_UNUSED_VARIABLE = YES;
				IPHONEOS_DEPLOYMENT_TARGET = 9.3;
				MTL_ENABLE_DEBUG_INFO = NO;
				SDKROOT = iphoneos;
				VALIDATE_PRODUCT = YES;
			};
			name = Release;
		};
		1AD8FADC1B0505FB00DE8A87 /* Debug */ = {
			isa = XCBuildConfiguration;
			buildSettings = {
				ASSETCATALOG_COMPILER_APPICON_NAME = AppIcon;
				CODE_SIGN_IDENTITY = "iPhone Developer";
				"CODE_SIGN_IDENTITY[sdk=iphoneos*]" = "iPhone Developer";
				INFOPLIST_FILE = WhatToEat/Info.plist;
				LD_RUNPATH_SEARCH_PATHS = "$(inherited) @executable_path/Frameworks";
				PRODUCT_BUNDLE_IDENTIFIER = "com.maclonindustries.$(PRODUCT_NAME:rfc1034identifier)";
				PRODUCT_NAME = "$(TARGET_NAME)";
				PROVISIONING_PROFILE = "";
			};
			name = Debug;
		};
		1AD8FADD1B0505FB00DE8A87 /* Release */ = {
			isa = XCBuildConfiguration;
			buildSettings = {
				ASSETCATALOG_COMPILER_APPICON_NAME = AppIcon;
				CODE_SIGN_IDENTITY = "iPhone Developer";
				"CODE_SIGN_IDENTITY[sdk=iphoneos*]" = "iPhone Developer";
				INFOPLIST_FILE = WhatToEat/Info.plist;
				LD_RUNPATH_SEARCH_PATHS = "$(inherited) @executable_path/Frameworks";
				PRODUCT_BUNDLE_IDENTIFIER = "com.maclonindustries.$(PRODUCT_NAME:rfc1034identifier)";
				PRODUCT_NAME = "$(TARGET_NAME)";
				PROVISIONING_PROFILE = "";
			};
			name = Release;
		};
		1AD8FADF1B0505FB00DE8A87 /* Debug */ = {
			isa = XCBuildConfiguration;
			buildSettings = {
				BUNDLE_LOADER = "$(TEST_HOST)";
				FRAMEWORK_SEARCH_PATHS = "";
				GCC_PREPROCESSOR_DEFINITIONS = (
					"DEBUG=1",
					"$(inherited)",
				);
				INFOPLIST_FILE = WhatToEatTests/Info.plist;
				LD_RUNPATH_SEARCH_PATHS = "$(inherited) @executable_path/Frameworks @loader_path/Frameworks";
				"OTHER_SWIFT_FLAGS[arch=*]" = "-D DEBUG";
				PRODUCT_BUNDLE_IDENTIFIER = "com.maclonindustries.$(PRODUCT_NAME:rfc1034identifier)";
				PRODUCT_NAME = "$(TARGET_NAME)";
				TEST_HOST = "$(BUILT_PRODUCTS_DIR)/WhatToEat.app/WhatToEat";
			};
			name = Debug;
		};
		1AD8FAE01B0505FB00DE8A87 /* Release */ = {
			isa = XCBuildConfiguration;
			buildSettings = {
				BUNDLE_LOADER = "$(TEST_HOST)";
				FRAMEWORK_SEARCH_PATHS = "";
				INFOPLIST_FILE = WhatToEatTests/Info.plist;
				LD_RUNPATH_SEARCH_PATHS = "$(inherited) @executable_path/Frameworks @loader_path/Frameworks";
				PRODUCT_BUNDLE_IDENTIFIER = "com.maclonindustries.$(PRODUCT_NAME:rfc1034identifier)";
				PRODUCT_NAME = "$(TARGET_NAME)";
				TEST_HOST = "$(BUILT_PRODUCTS_DIR)/WhatToEat.app/WhatToEat";
			};
			name = Release;
		};
/* End XCBuildConfiguration section */

/* Begin XCConfigurationList section */
		1AD8FAB71B0505FA00DE8A87 /* Build configuration list for PBXProject "WhatToEat" */ = {
			isa = XCConfigurationList;
			buildConfigurations = (
				1AD8FAD91B0505FB00DE8A87 /* Debug */,
				1AD8FADA1B0505FB00DE8A87 /* Release */,
			);
			defaultConfigurationIsVisible = 0;
			defaultConfigurationName = Release;
		};
		1AD8FADB1B0505FB00DE8A87 /* Build configuration list for PBXNativeTarget "WhatToEat" */ = {
			isa = XCConfigurationList;
			buildConfigurations = (
				1AD8FADC1B0505FB00DE8A87 /* Debug */,
				1AD8FADD1B0505FB00DE8A87 /* Release */,
			);
			defaultConfigurationIsVisible = 0;
			defaultConfigurationName = Release;
		};
		1AD8FADE1B0505FB00DE8A87 /* Build configuration list for PBXNativeTarget "WhatToEatTests" */ = {
			isa = XCConfigurationList;
			buildConfigurations = (
				1AD8FADF1B0505FB00DE8A87 /* Debug */,
				1AD8FAE01B0505FB00DE8A87 /* Release */,
			);
			defaultConfigurationIsVisible = 0;
			defaultConfigurationName = Release;
		};
/* End XCConfigurationList section */
	};
	rootObject = 1AD8FAB41B0505FA00DE8A87 /* Project object */;
}
